
Microsoft Visual Studio Solution File, Format Version 12.00
# Visual Studio 15
VisualStudioVersion = 15.0.36001.139
MinimumVisualStudioVersion = 10.0.40219.1
Project("{FAE04EC0-301F-11D3-BF4B-00C04F79EFBC}") = "ConsensusUI", "ConsensusUI\ConsensusUI.csproj", "{6EC1B6CA-227A-4C37-AA16-FC42C7383D5A}"
EndProject
Global
	GlobalSection(SolutionConfigurationPlatforms) = preSolution
		Debug|Any CPU = Debug|Any CPU
		Release|Any CPU = Release|Any CPU
	EndGlobalSection
	GlobalSection(ProjectConfigurationPlatforms) = postSolution
		{6EC1B6CA-227A-4C37-AA16-FC42C7383D5A}.Debug|Any CPU.ActiveCfg = Debug|Any CPU
		{6EC1B6CA-227A-4C37-AA16-FC42C7383D5A}.Debug|Any CPU.Build.0 = Debug|Any CPU
		{6EC1B6CA-227A-4C37-AA16-FC42C7383D5A}.Release|Any CPU.ActiveCfg = Release|Any CPU
		{6EC1B6CA-227A-4C37-AA16-FC42C7383D5A}.Release|Any CPU.Build.0 = Release|Any CPU
	EndGlobalSection
	GlobalSection(SolutionProperties) = preSolution
		HideSolutionNode = FALSE
	EndGlobalSection
	GlobalSection(ExtensibilityGlobals) = postSolution
		SolutionGuid = {EDD69614-FC6E-4148-8C3E-0B7DD02FA8BD}
	EndGlobalSection
EndGlobal
